
Microsoft Visual Studio Solution File, Format Version 12.00
Project("{FAE04EC0-301F-11D3-BF4B-00C04F79EFBC}") = "QueueSample", "QueueSample\QueueSample.csproj", "{A75C7B87-DA92-4425-94F3-A38044A6098D}"
EndProject
Global
	GlobalSection(SolutionConfigurationPlatforms) = preSolution
		Debug|Any CPU = Debug|Any CPU
		Release|Any CPU = Release|Any CPU
	EndGlobalSection
	GlobalSection(ProjectConfigurationPlatforms) = postSolution
		{A75C7B87-DA92-4425-94F3-A38044A6098D}.Debug|Any CPU.ActiveCfg = Debug|Any CPU
		{A75C7B87-DA92-4425-94F3-A38044A6098D}.Debug|Any CPU.Build.0 = Debug|Any CPU
		{A75C7B87-DA92-4425-94F3-A38044A6098D}.Release|Any CPU.ActiveCfg = Release|Any CPU
		{A75C7B87-DA92-4425-94F3-A38044A6098D}.Release|Any CPU.Build.0 = Release|Any CPU
	EndGlobalSection
EndGlobal
